
Microsoft Visual Studio Solution File, Format Version 12.00
# Visual Studio Version 17
VisualStudioVersion = 17.9.34701.34
MinimumVisualStudioVersion = 10.0.40219.1
Project("{FAE04EC0-301F-11D3-BF4B-00C04F79EFBC}") = "Sinifff", "Sinifff.csproj", "{AEC6E097-7550-4EAF-895E-8BE15E20BD37}"
EndProject
Global
	GlobalSection(SolutionConfigurationPlatforms) = preSolution
		Debug|Any CPU = Debug|Any CPU
		Release|Any CPU = Release|Any CPU
	EndGlobalSection
	GlobalSection(ProjectConfigurationPlatforms) = postSolution
		{AEC6E097-7550-4EAF-895E-8BE15E20BD37}.Debug|Any CPU.ActiveCfg = Debug|Any CPU
		{AEC6E097-7550-4EAF-895E-8BE15E20BD37}.Debug|Any CPU.Build.0 = Debug|Any CPU
		{AEC6E097-7550-4EAF-895E-8BE15E20BD37}.Release|Any CPU.ActiveCfg = Release|Any CPU
		{AEC6E097-7550-4EAF-895E-8BE15E20BD37}.Release|Any CPU.Build.0 = Release|Any CPU
	EndGlobalSection
	GlobalSection(SolutionProperties) = preSolution
		HideSolutionNode = FALSE
	EndGlobalSection
	GlobalSection(ExtensibilityGlobals) = postSolution
		SolutionGuid = {EFCFC6FB-6258-4451-8E17-CE5D8521868A}
	EndGlobalSection
EndGlobal
